// !$*UTF8*$!
{
	archiveVersion = 1;
	classes = {
	};
	objectVersion = 56;
	objects = {

/* Begin PBXBuildFile section */
		E8FA8D0A2AB8B4BB00111505 /* weather_climaApp.swift in Sources */ = {isa = PBXBuildFile; fileRef = E8FA8D092AB8B4BB00111505 /* weather_climaApp.swift */; };
		E8FA8D0C2AB8B4BB00111505 /* ContentView.swift in Sources */ = {isa = PBXBuildFile; fileRef = E8FA8D0B2AB8B4BB00111505 /* ContentView.swift */; };
		E8FA8D0E2AB8B4BD00111505 /* Assets.xcassets in Resources */ = {isa = PBXBuildFile; fileRef = E8FA8D0D2AB8B4BD00111505 /* Assets.xcassets */; };
		E8FA8D112AB8B4BD00111505 /* Preview Assets.xcassets in Resources */ = {isa = PBXBuildFile; fileRef = E8FA8D102AB8B4BD00111505 /* Preview Assets.xcassets */; };
		E8FA8D1B2AB8B4BD00111505 /* weather_climaTests.swift in Sources */ = {isa = PBXBuildFile; fileRef = E8FA8D1A2AB8B4BD00111505 /* weather_climaTests.swift */; };
		E8FA8D252AB8B4BD00111505 /* weather_climaUITests.swift in Sources */ = {isa = PBXBuildFile; fileRef = E8FA8D242AB8B4BD00111505 /* weather_climaUITests.swift */; };
		E8FA8D272AB8B4BD00111505 /* weather_climaUITestsLaunchTests.swift in Sources */ = {isa = PBXBuildFile; fileRef = E8FA8D262AB8B4BD00111505 /* weather_climaUITestsLaunchTests.swift */; };
/* End PBXBuildFile section */

/* Begin PBXContainerItemProxy section */
		E8FA8D172AB8B4BD00111505 /* PBXContainerItemProxy */ = {
			isa = PBXContainerItemProxy;
			containerPortal = E8FA8CFE2AB8B4BB00111505 /* Project object */;
			proxyType = 1;
			remoteGlobalIDString = E8FA8D052AB8B4BB00111505;
			remoteInfo = weather_clima;
		};
		E8FA8D212AB8B4BD00111505 /* PBXContainerItemProxy */ = {
			isa = PBXContainerItemProxy;
			containerPortal = E8FA8CFE2AB8B4BB00111505 /* Project object */;
			proxyType = 1;
			remoteGlobalIDString = E8FA8D052AB8B4BB00111505;
			remoteInfo = weather_clima;
		};
/* End PBXContainerItemProxy section */

/* Begin PBXFileReference section */
		E8FA8D062AB8B4BB00111505 /* weather_clima.app */ = {isa = PBXFileReference; explicitFileType = wrapper.application; includeInIndex = 0; path = weather_clima.app; sourceTree = BUILT_PRODUCTS_DIR; };
		E8FA8D092AB8B4BB00111505 /* weather_climaApp.swift */ = {isa = PBXFileReference; lastKnownFileType = sourcecode.swift; path = weather_climaApp.swift; sourceTree = "<group>"; };
		E8FA8D0B2AB8B4BB00111505 /* ContentView.swift */ = {isa = PBXFileReference; lastKnownFileType = sourcecode.swift; path = ContentView.swift; sourceTree = "<group>"; };
		E8FA8D0D2AB8B4BD00111505 /* Assets.xcassets */ = {isa = PBXFileReference; lastKnownFileType = folder.assetcatalog; path = Assets.xcassets; sourceTree = "<group>"; };
		E8FA8D102AB8B4BD00111505 /* Preview Assets.xcassets */ = {isa = PBXFileReference; lastKnownFileType = folder.assetcatalog; path = "Preview Assets.xcassets"; sourceTree = "<group>"; };
		E8FA8D162AB8B4BD00111505 /* weather_climaTests.xctest */ = {isa = PBXFileReference; explicitFileType = wrapper.cfbundle; includeInIndex = 0; path = weather_climaTests.xctest; sourceTree = BUILT_PRODUCTS_DIR; };
		E8FA8D1A2AB8B4BD00111505 /* weather_climaTests.swift */ = {isa = PBXFileReference; lastKnownFileType = sourcecode.swift; path = weather_climaTests.swift; sourceTree = "<group>"; };
		E8FA8D202AB8B4BD00111505 /* weather_climaUITests.xctest */ = {isa = PBXFileReference; explicitFileType = wrapper.cfbundle; includeInIndex = 0; path = weather_climaUITests.xctest; sourceTree = BUILT_PRODUCTS_DIR; };
		E8FA8D242AB8B4BD00111505 /* weather_climaUITests.swift */ = {isa = PBXFileReference; lastKnownFileType = sourcecode.swift; path = weather_climaUITests.swift; sourceTree = "<group>"; };
		E8FA8D262AB8B4BD00111505 /* weather_climaUITestsLaunchTests.swift */ = {isa = PBXFileReference; lastKnownFileType = sourcecode.swift; path = weather_climaUITestsLaunchTests.swift; sourceTree = "<group>"; };
/* End PBXFileReference section */

/* Begin PBXFrameworksBuildPhase section */
		E8FA8D032AB8B4BB00111505 /* Frameworks */ = {
			isa = PBXFrameworksBuildPhase;
			buildActionMask = 2147483647;
			files = (
			);
			runOnlyForDeploymentPostprocessing = 0;
		};
		E8FA8D132AB8B4BD00111505 /* Frameworks */ = {
			isa = PBXFrameworksBuildPhase;
			buildActionMask = 2147483647;
			files = (
			);
			runOnlyForDeploymentPostprocessing = 0;
		};
		E8FA8D1D2AB8B4BD00111505 /* Frameworks */ = {
			isa = PBXFrameworksBuildPhase;
			buildActionMask = 2147483647;
			files = (
			);
			runOnlyForDeploymentPostprocessing = 0;
		};
/* End PBXFrameworksBuildPhase section */

/* Begin PBXGroup section */
		E8FA8CFD2AB8B4BB00111505 = {
			isa = PBXGroup;
			children = (
				E8FA8D082AB8B4BB00111505 /* weather_clima */,
				E8FA8D192AB8B4BD00111505 /* weather_climaTests */,
				E8FA8D232AB8B4BD00111505 /* weather_climaUITests */,
				E8FA8D072AB8B4BB00111505 /* Products */,
			);
			sourceTree = "<group>";
		};
		E8FA8D072AB8B4BB00111505 /* Products */ = {
			isa = PBXGroup;
			children = (
				E8FA8D062AB8B4BB00111505 /* weather_clima.app */,
				E8FA8D162AB8B4BD00111505 /* weather_climaTests.xctest */,
				E8FA8D202AB8B4BD00111505 /* weather_climaUITests.xctest */,
			);
			name = Products;
			sourceTree = "<group>";
		};
		E8FA8D082AB8B4BB00111505 /* weather_clima */ = {
			isa = PBXGroup;
			children = (
				E8FA8D092AB8B4BB00111505 /* weather_climaApp.swift */,
				E8FA8D0B2AB8B4BB00111505 /* ContentView.swift */,
				E8FA8D0D2AB8B4BD00111505 /* Assets.xcassets */,
				E8FA8D0F2AB8B4BD00111505 /* Preview Content */,
			);
			path = weather_clima;
			sourceTree = "<group>";
		};
		E8FA8D0F2AB8B4BD00111505 /* Preview Content */ = {
			isa = PBXGroup;
			children = (
				E8FA8D102AB8B4BD00111505 /* Preview Assets.xcassets */,
			);
			path = "Preview Content";
			sourceTree = "<group>";
		};
		E8FA8D192AB8B4BD00111505 /* weather_climaTests */ = {
			isa = PBXGroup;
			children = (
				E8FA8D1A2AB8B4BD00111505 /* weather_climaTests.swift */,
			);
			path = weather_climaTests;
			sourceTree = "<group>";
		};
		E8FA8D232AB8B4BD00111505 /* weather_climaUITests */ = {
			isa = PBXGroup;
			children = (
				E8FA8D242AB8B4BD00111505 /* weather_climaUITests.swift */,
				E8FA8D262AB8B4BD00111505 /* weather_climaUITestsLaunchTests.swift */,
			);
			path = weather_climaUITests;
			sourceTree = "<group>";
		};
/* End PBXGroup section */

/* Begin PBXNativeTarget section */
		E8FA8D052AB8B4BB00111505 /* weather_clima */ = {
			isa = PBXNativeTarget;
			buildConfigurationList = E8FA8D2A2AB8B4BD00111505 /* Build configuration list for PBXNativeTarget "weather_clima" */;
			buildPhases = (
				E8FA8D022AB8B4BB00111505 /* Sources */,
				E8FA8D032AB8B4BB00111505 /* Frameworks */,
				E8FA8D042AB8B4BB00111505 /* Resources */,
			);
			buildRules = (
			);
			dependencies = (
			);
			name = weather_clima;
			productName = weather_clima;
			productReference = E8FA8D062AB8B4BB00111505 /* weather_clima.app */;
			productType = "com.apple.product-type.application";
		};
		E8FA8D152AB8B4BD00111505 /* weather_climaTests */ = {
			isa = PBXNativeTarget;
			buildConfigurationList = E8FA8D2D2AB8B4BD00111505 /* Build configuration list for PBXNativeTarget "weather_climaTests" */;
			buildPhases = (
				E8FA8D122AB8B4BD00111505 /* Sources */,
				E8FA8D132AB8B4BD00111505 /* Frameworks */,
				E8FA8D142AB8B4BD00111505 /* Resources */,
			);
			buildRules = (
			);
			dependencies = (
				E8FA8D182AB8B4BD00111505 /* PBXTargetDependency */,
			);
			name = weather_climaTests;
			productName = weather_climaTests;
			productReference = E8FA8D162AB8B4BD00111505 /* weather_climaTests.xctest */;
			productType = "com.apple.product-type.bundle.unit-test";
		};
		E8FA8D1F2AB8B4BD00111505 /* weather_climaUITests */ = {
			isa = PBXNativeTarget;
			buildConfigurationList = E8FA8D302AB8B4BD00111505 /* Build configuration list for PBXNativeTarget "weather_climaUITests" */;
			buildPhases = (
				E8FA8D1C2AB8B4BD00111505 /* Sources */,
				E8FA8D1D2AB8B4BD00111505 /* Frameworks */,
				E8FA8D1E2AB8B4BD00111505 /* Resources */,
			);
			buildRules = (
			);
			dependencies = (
				E8FA8D222AB8B4BD00111505 /* PBXTargetDependency */,
			);
			name = weather_climaUITests;
			productName = weather_climaUITests;
			productReference = E8FA8D202AB8B4BD00111505 /* weather_climaUITests.xctest */;
			productType = "com.apple.product-type.bundle.ui-testing";
		};
/* End PBXNativeTarget section */

/* Begin PBXProject section */
		E8FA8CFE2AB8B4BB00111505 /* Project object */ = {
			isa = PBXProject;
			attributes = {
				BuildIndependentTargetsInParallel = 1;
				LastSwiftUpdateCheck = 1430;
				LastUpgradeCheck = 1430;
				TargetAttributes = {
					E8FA8D052AB8B4BB00111505 = {
						CreatedOnToolsVersion = 14.3.1;
					};
					E8FA8D152AB8B4BD00111505 = {
						CreatedOnToolsVersion = 14.3.1;
						TestTargetID = E8FA8D052AB8B4BB00111505;
					};
					E8FA8D1F2AB8B4BD00111505 = {
						CreatedOnToolsVersion = 14.3.1;
						TestTargetID = E8FA8D052AB8B4BB00111505;
					};
				};
			};
			buildConfigurationList = E8FA8D012AB8B4BB00111505 /* Build configuration list for PBXProject "weather_clima" */;
			compatibilityVersion = "Xcode 14.0";
			developmentRegion = en;
			hasScannedForEncodings = 0;
			knownRegions = (
				en,
				Base,
			);
			mainGroup = E8FA8CFD2AB8B4BB00111505;
			productRefGroup = E8FA8D072AB8B4BB00111505 /* Products */;
			projectDirPath = "";
			projectRoot = "";
			targets = (
				E8FA8D052AB8B4BB00111505 /* weather_clima */,
				E8FA8D152AB8B4BD00111505 /* weather_climaTests */,
				E8FA8D1F2AB8B4BD00111505 /* weather_climaUITests */,
			);
		};
/* End PBXProject section */

/* Begin PBXResourcesBuildPhase section */
		E8FA8D042AB8B4BB00111505 /* Resources */ = {
			isa = PBXResourcesBuildPhase;
			buildActionMask = 2147483647;
			files = (
				E8FA8D112AB8B4BD00111505 /* Preview Assets.xcassets in Resources */,
				E8FA8D0E2AB8B4BD00111505 /* Assets.xcassets in Resources */,
			);
			runOnlyForDeploymentPostprocessing = 0;
		};
		E8FA8D142AB8B4BD00111505 /* Resources */ = {
			isa = PBXResourcesBuildPhase;
			buildActionMask = 2147483647;
			files = (
			);
			runOnlyForDeploymentPostprocessing = 0;
		};
		E8FA8D1E2AB8B4BD00111505 /* Resources */ = {
			isa = PBXResourcesBuildPhase;
			buildActionMask = 2147483647;
			files = (
			);
			runOnlyForDeploymentPostprocessing = 0;
		};
/* End PBXResourcesBuildPhase section */

/* Begin PBXSourcesBuildPhase section */
		E8FA8D022AB8B4BB00111505 /* Sources */ = {
			isa = PBXSourcesBuildPhase;
			buildActionMask = 2147483647;
			files = (
				E8FA8D0C2AB8B4BB00111505 /* ContentView.swift in Sources */,
				E8FA8D0A2AB8B4BB00111505 /* weather_climaApp.swift in Sources */,
			);
			runOnlyForDeploymentPostprocessing = 0;
		};
		E8FA8D122AB8B4BD00111505 /* Sources */ = {
			isa = PBXSourcesBuildPhase;
			buildActionMask = 2147483647;
			files = (
				E8FA8D1B2AB8B4BD00111505 /* weather_climaTests.swift in Sources */,
			);
			runOnlyForDeploymentPostprocessing = 0;
		};
		E8FA8D1C2AB8B4BD00111505 /* Sources */ = {
			isa = PBXSourcesBuildPhase;
			buildActionMask = 2147483647;
			files = (
				E8FA8D272AB8B4BD00111505 /* weather_climaUITestsLaunchTests.swift in Sources */,
				E8FA8D252AB8B4BD00111505 /* weather_climaUITests.swift in Sources */,
			);
			runOnlyForDeploymentPostprocessing = 0;
		};
/* End PBXSourcesBuildPhase section */

/* Begin PBXTargetDependency section */
		E8FA8D182AB8B4BD00111505 /* PBXTargetDependency */ = {
			isa = PBXTargetDependency;
			target = E8FA8D052AB8B4BB00111505 /* weather_clima */;
			targetProxy = E8FA8D172AB8B4BD00111505 /* PBXContainerItemProxy */;
		};
		E8FA8D222AB8B4BD00111505 /* PBXTargetDependency */ = {
			isa = PBXTargetDependency;
			target = E8FA8D052AB8B4BB00111505 /* weather_clima */;
			targetProxy = E8FA8D212AB8B4BD00111505 /* PBXContainerItemProxy */;
		};
/* End PBXTargetDependency section */

/* Begin XCBuildConfiguration section */
		E8FA8D282AB8B4BD00111505 /* Debug */ = {
			isa = XCBuildConfiguration;
			buildSettings = {
				ALWAYS_SEARCH_USER_PATHS = NO;
				CLANG_ANALYZER_NONNULL = YES;
				CLANG_ANALYZER_NUMBER_OBJECT_CONVERSION = YES_AGGRESSIVE;
				CLANG_CXX_LANGUAGE_STANDARD = "gnu++20";
				CLANG_ENABLE_MODULES = YES;
				CLANG_ENABLE_OBJC_ARC = YES;
				CLANG_ENABLE_OBJC_WEAK = YES;
				CLANG_WARN_BLOCK_CAPTURE_AUTORELEASING = YES;
				CLANG_WARN_BOOL_CONVERSION = YES;
				CLANG_WARN_COMMA = YES;
				CLANG_WARN_CONSTANT_CONVERSION = YES;
				CLANG_WARN_DEPRECATED_OBJC_IMPLEMENTATIONS = YES;
				CLANG_WARN_DIRECT_OBJC_ISA_USAGE = YES_ERROR;
				CLANG_WARN_DOCUMENTATION_COMMENTS = YES;
				CLANG_WARN_EMPTY_BODY = YES;
				CLANG_WARN_ENUM_CONVERSION = YES;
				CLANG_WARN_INFINITE_RECURSION = YES;
				CLANG_WARN_INT_CONVERSION = YES;
				CLANG_WARN_NON_LITERAL_NULL_CONVERSION = YES;
				CLANG_WARN_OBJC_IMPLICIT_RETAIN_SELF = YES;
				CLANG_WARN_OBJC_LITERAL_CONVERSION = YES;
				CLANG_WARN_OBJC_ROOT_CLASS = YES_ERROR;
				CLANG_WARN_QUOTED_INCLUDE_IN_FRAMEWORK_HEADER = YES;
				CLANG_WARN_RANGE_LOOP_ANALYSIS = YES;
				CLANG_WARN_STRICT_PROTOTYPES = YES;
				CLANG_WARN_SUSPICIOUS_MOVE = YES;
				CLANG_WARN_UNGUARDED_AVAILABILITY = YES_AGGRESSIVE;
				CLANG_WARN_UNREACHABLE_CODE = YES;
				CLANG_WARN__DUPLICATE_METHOD_MATCH = YES;
				COPY_PHASE_STRIP = NO;
				DEBUG_INFORMATION_FORMAT = dwarf;
				ENABLE_STRICT_OBJC_MSGSEND = YES;
				ENABLE_TESTABILITY = YES;
				GCC_C_LANGUAGE_STANDARD = gnu11;
				GCC_DYNAMIC_NO_PIC = NO;
				GCC_NO_COMMON_BLOCKS = YES;
				GCC_OPTIMIZATION_LEVEL = 0;
				GCC_PREPROCESSOR_DEFINITIONS = (
					"DEBUG=1",
					"$(inherited)",
				);
				GCC_WARN_64_TO_32_BIT_CONVERSION = YES;
				GCC_WARN_ABOUT_RETURN_TYPE = YES_ERROR;
				GCC_WARN_UNDECLARED_SELECTOR = YES;
				GCC_WARN_UNINITIALIZED_AUTOS = YES_AGGRESSIVE;
				GCC_WARN_UNUSED_FUNCTION = YES;
				GCC_WARN_UNUSED_VARIABLE = YES;
				IPHONEOS_DEPLOYMENT_TARGET = 16.4;
				MTL_ENABLE_DEBUG_INFO = INCLUDE_SOURCE;
				MTL_FAST_MATH = YES;
				ONLY_ACTIVE_ARCH = YES;
				SDKROOT = iphoneos;
				SWIFT_ACTIVE_COMPILATION_CONDITIONS = DEBUG;
				SWIFT_OPTIMIZATION_LEVEL = "-Onone";
			};
			name = Debug;
		};
		E8FA8D292AB8B4BD00111505 /* Release */ = {
			isa = XCBuildConfiguration;
			buildSettings = {
				ALWAYS_SEARCH_USER_PATHS = NO;
				CLANG_ANALYZER_NONNULL = YES;
				CLANG_ANALYZER_NUMBER_OBJECT_CONVERSION = YES_AGGRESSIVE;
				CLANG_CXX_LANGUAGE_STANDARD = "gnu++20";
				CLANG_ENABLE_MODULES = YES;
				CLANG_ENABLE_OBJC_ARC = YES;
				CLANG_ENABLE_OBJC_WEAK = YES;
				CLANG_WARN_BLOCK_CAPTURE_AUTORELEASING = YES;
				CLANG_WARN_BOOL_CONVERSION = YES;
				CLANG_WARN_COMMA = YES;
				CLANG_WARN_CONSTANT_CONVERSION = YES;
				CLANG_WARN_DEPRECATED_OBJC_IMPLEMENTATIONS = YES;
				CLANG_WARN_DIRECT_OBJC_ISA_USAGE = YES_ERROR;
				CLANG_WARN_DOCUMENTATION_COMMENTS = YES;
				CLANG_WARN_EMPTY_BODY = YES;
				CLANG_WARN_ENUM_CONVERSION = YES;
				CLANG_WARN_INFINITE_RECURSION = YES;
				CLANG_WARN_INT_CONVERSION = YES;
				CLANG_WARN_NON_LITERAL_NULL_CONVERSION = YES;
				CLANG_WARN_OBJC_IMPLICIT_RETAIN_SELF = YES;
				CLANG_WARN_OBJC_LITERAL_CONVERSION = YES;
				CLANG_WARN_OBJC_ROOT_CLASS = YES_ERROR;
				CLANG_WARN_QUOTED_INCLUDE_IN_FRAMEWORK_HEADER = YES;
				CLANG_WARN_RANGE_LOOP_ANALYSIS = YES;
				CLANG_WARN_STRICT_PROTOTYPES = YES;
				CLANG_WARN_SUSPICIOUS_MOVE = YES;
				CLANG_WARN_UNGUARDED_AVAILABILITY = YES_AGGRESSIVE;
				CLANG_WARN_UNREACHABLE_CODE = YES;
				CLANG_WARN__DUPLICATE_METHOD_MATCH = YES;
				COPY_PHASE_STRIP = NO;
				DEBUG_INFORMATION_FORMAT = "dwarf-with-dsym";
				ENABLE_NS_ASSERTIONS = NO;
				ENABLE_STRICT_OBJC_MSGSEND = YES;
				GCC_C_LANGUAGE_STANDARD = gnu11;
				GCC_NO_COMMON_BLOCKS = YES;
				GCC_WARN_64_TO_32_BIT_CONVERSION = YES;
				GCC_WARN_ABOUT_RETURN_TYPE = YES_ERROR;
				GCC_WARN_UNDECLARED_SELECTOR = YES;
				GCC_WARN_UNINITIALIZED_AUTOS = YES_AGGRESSIVE;
				GCC_WARN_UNUSED_FUNCTION = YES;
				GCC_WARN_UNUSED_VARIABLE = YES;
				IPHONEOS_DEPLOYMENT_TARGET = 16.4;
				MTL_ENABLE_DEBUG_INFO = NO;
				MTL_FAST_MATH = YES;
				SDKROOT = iphoneos;
				SWIFT_COMPILATION_MODE = wholemodule;
				SWIFT_OPTIMIZATION_LEVEL = "-O";
				VALIDATE_PRODUCT = YES;
			};
			name = Release;
		};
		E8FA8D2B2AB8B4BD00111505 /* Debug */ = {
			isa = XCBuildConfiguration;
			buildSettings = {
				ASSETCATALOG_COMPILER_APPICON_NAME = AppIcon;
				ASSETCATALOG_COMPILER_GLOBAL_ACCENT_COLOR_NAME = AccentColor;
				CODE_SIGN_STYLE = Automatic;
				CURRENT_PROJECT_VERSION = 1;
				DEVELOPMENT_ASSET_PATHS = "\"weather_clima/Preview Content\"";
				ENABLE_PREVIEWS = YES;
				GENERATE_INFOPLIST_FILE = YES;
				INFOPLIST_KEY_UIApplicationSceneManifest_Generation = YES;
				INFOPLIST_KEY_UIApplicationSupportsIndirectInputEvents = YES;
				INFOPLIST_KEY_UILaunchScreen_Generation = YES;
				INFOPLIST_KEY_UISupportedInterfaceOrientations_iPad = "UIInterfaceOrientationPortrait UIInterfaceOrientationPortraitUpsideDown UIInterfaceOrientationLandscapeLeft UIInterfaceOrientationLandscapeRight";
				INFOPLIST_KEY_UISupportedInterfaceOrientations_iPhone = "UIInterfaceOrientationPortrait UIInterfaceOrientationLandscapeLeft UIInterfaceOrientationLandscapeRight";
				LD_RUNPATH_SEARCH_PATHS = (
					"$(inherited)",
					"@executable_path/Frameworks",
				);
				MARKETING_VERSION = 1.0;
				PRODUCT_BUNDLE_IDENTIFIER = "com.mazen.weather-clima";
				PRODUCT_NAME = "$(TARGET_NAME)";
				SWIFT_EMIT_LOC_STRINGS = YES;
				SWIFT_VERSION = 5.0;
				TARGETED_DEVICE_FAMILY = "1,2";
			};
			name = Debug;
		};
		E8FA8D2C2AB8B4BD00111505 /* Release */ = {
			isa = XCBuildConfiguration;
			buildSettings = {
				ASSETCATALOG_COMPILER_APPICON_NAME = AppIcon;
				ASSETCATALOG_COMPILER_GLOBAL_ACCENT_COLOR_NAME = AccentColor;
				CODE_SIGN_STYLE = Automatic;
				CURRENT_PROJECT_VERSION = 1;
				DEVELOPMENT_ASSET_PATHS = "\"weather_clima/Preview Content\"";
				ENABLE_PREVIEWS = YES;
				GENERATE_INFOPLIST_FILE = YES;
				INFOPLIST_KEY_UIApplicationSceneManifest_Generation = YES;
				INFOPLIST_KEY_UIApplicationSupportsIndirectInputEvents = YES;
				INFOPLIST_KEY_UILaunchScreen_Generation = YES;
				INFOPLIST_KEY_UISupportedInterfaceOrientations_iPad = "UIInterfaceOrientationPortrait UIInterfaceOrientationPortraitUpsideDown UIInterfaceOrientationLandscapeLeft UIInterfaceOrientationLandscapeRight";
				INFOPLIST_KEY_UISupportedInterfaceOrientations_iPhone = "UIInterfaceOrientationPortrait UIInterfaceOrientationLandscapeLeft UIInterfaceOrientationLandscapeRight";
				LD_RUNPATH_SEARCH_PATHS = (
					"$(inherited)",
					"@executable_path/Frameworks",
				);
				MARKETING_VERSION = 1.0;
				PRODUCT_BUNDLE_IDENTIFIER = "com.mazen.weather-clima";
				PRODUCT_NAME = "$(TARGET_NAME)";
				SWIFT_EMIT_LOC_STRINGS = YES;
				SWIFT_VERSION = 5.0;
				TARGETED_DEVICE_FAMILY = "1,2";
			};
			name = Release;
		};
		E8FA8D2E2AB8B4BD00111505 /* Debug */ = {
			isa = XCBuildConfiguration;
			buildSettings = {
				ALWAYS_EMBED_SWIFT_STANDARD_LIBRARIES = YES;
				BUNDLE_LOADER = "$(TEST_HOST)";
				CODE_SIGN_STYLE = Automatic;
				CURRENT_PROJECT_VERSION = 1;
				GENERATE_INFOPLIST_FILE = YES;
				IPHONEOS_DEPLOYMENT_TARGET = 16.4;
				MARKETING_VERSION = 1.0;
				PRODUCT_BUNDLE_IDENTIFIER = "com.mazen.weather-climaTests";
				PRODUCT_NAME = "$(TARGET_NAME)";
				SWIFT_EMIT_LOC_STRINGS = NO;
				SWIFT_VERSION = 5.0;
				TARGETED_DEVICE_FAMILY = "1,2";
				TEST_HOST = "$(BUILT_PRODUCTS_DIR)/weather_clima.app/$(BUNDLE_EXECUTABLE_FOLDER_PATH)/weather_clima";
			};
			name = Debug;
		};
		E8FA8D2F2AB8B4BD00111505 /* Release */ = {
			isa = XCBuildConfiguration;
			buildSettings = {
				ALWAYS_EMBED_SWIFT_STANDARD_LIBRARIES = YES;
				BUNDLE_LOADER = "$(TEST_HOST)";
				CODE_SIGN_STYLE = Automatic;
				CURRENT_PROJECT_VERSION = 1;
				GENERATE_INFOPLIST_FILE = YES;
				IPHONEOS_DEPLOYMENT_TARGET = 16.4;
				MARKETING_VERSION = 1.0;
				PRODUCT_BUNDLE_IDENTIFIER = "com.mazen.weather-climaTests";
				PRODUCT_NAME = "$(TARGET_NAME)";
				SWIFT_EMIT_LOC_STRINGS = NO;
				SWIFT_VERSION = 5.0;
				TARGETED_DEVICE_FAMILY = "1,2";
				TEST_HOST = "$(BUILT_PRODUCTS_DIR)/weather_clima.app/$(BUNDLE_EXECUTABLE_FOLDER_PATH)/weather_clima";
			};
			name = Release;
		};
		E8FA8D312AB8B4BD00111505 /* Debug */ = {
			isa = XCBuildConfiguration;
			buildSettings = {
				ALWAYS_EMBED_SWIFT_STANDARD_LIBRARIES = YES;
				CODE_SIGN_STYLE = Automatic;
				CURRENT_PROJECT_VERSION = 1;
				GENERATE_INFOPLIST_FILE = YES;
				MARKETING_VERSION = 1.0;
				PRODUCT_BUNDLE_IDENTIFIER = "com.mazen.weather-climaUITests";
				PRODUCT_NAME = "$(TARGET_NAME)";
				SWIFT_EMIT_LOC_STRINGS = NO;
				SWIFT_VERSION = 5.0;
				TARGETED_DEVICE_FAMILY = "1,2";
				TEST_TARGET_NAME = weather_clima;
			};
			name = Debug;
		};
		E8FA8D322AB8B4BD00111505 /* Release */ = {
			isa = XCBuildConfiguration;
			buildSettings = {
				ALWAYS_EMBED_SWIFT_STANDARD_LIBRARIES = YES;
				CODE_SIGN_STYLE = Automatic;
				CURRENT_PROJECT_VERSION = 1;
				GENERATE_INFOPLIST_FILE = YES;
				MARKETING_VERSION = 1.0;
				PRODUCT_BUNDLE_IDENTIFIER = "com.mazen.weather-climaUITests";
				PRODUCT_NAME = "$(TARGET_NAME)";
				SWIFT_EMIT_LOC_STRINGS = NO;
				SWIFT_VERSION = 5.0;
				TARGETED_DEVICE_FAMILY = "1,2";
				TEST_TARGET_NAME = weather_clima;
			};
			name = Release;
		};
/* End XCBuildConfiguration section */

/* Begin XCConfigurationList section */
		E8FA8D012AB8B4BB00111505 /* Build configuration list for PBXProject "weather_clima" */ = {
			isa = XCConfigurationList;
			buildConfigurations = (
				E8FA8D282AB8B4BD00111505 /* Debug */,
				E8FA8D292AB8B4BD00111505 /* Release */,
			);
			defaultConfigurationIsVisible = 0;
			defaultConfigurationName = Release;
		};
		E8FA8D2A2AB8B4BD00111505 /* Build configuration list for PBXNativeTarget "weather_clima" */ = {
			isa = XCConfigurationList;
			buildConfigurations = (
				E8FA8D2B2AB8B4BD00111505 /* Debug */,
				E8FA8D2C2AB8B4BD00111505 /* Release */,
			);
			defaultConfigurationIsVisible = 0;
			defaultConfigurationName = Release;
		};
		E8FA8D2D2AB8B4BD00111505 /* Build configuration list for PBXNativeTarget "weather_climaTests" */ = {
			isa = XCConfigurationList;
			buildConfigurations = (
				E8FA8D2E2AB8B4BD00111505 /* Debug */,
				E8FA8D2F2AB8B4BD00111505 /* Release */,
			);
			defaultConfigurationIsVisible = 0;
			defaultConfigurationName = Release;
		};
		E8FA8D302AB8B4BD00111505 /* Build configuration list for PBXNativeTarget "weather_climaUITests" */ = {
			isa = XCConfigurationList;
			buildConfigurations = (
				E8FA8D312AB8B4BD00111505 /* Debug */,
				E8FA8D322AB8B4BD00111505 /* Release */,
			);
			defaultConfigurationIsVisible = 0;
			defaultConfigurationName = Release;
		};
/* End XCConfigurationList section */
	};
	rootObject = E8FA8CFE2AB8B4BB00111505 /* Project object */;
}
